
Microsoft Visual Studio Solution File, Format Version 12.00
# Visual Studio Version 17
VisualStudioVersion = 17.11.35312.102
MinimumVisualStudioVersion = 10.0.40219.1
Project("{8BC9CEB8-8B4A-11D0-8D11-00A0C91BC942}") = "Practicas", "Practicas.vcxproj", "{1DF9BDF4-7BC8-47E4-AE3A-BDC48B83EED8}"
EndProject
Project("{8BC9CEB8-8B4A-11D0-8D11-00A0C91BC942}") = "Project1", "Project1\Project1.vcxproj", "{3ED01599-5005-447A-8DD0-38AD572182A2}"
EndProject
Project("{8BC9CEB8-8B4A-11D0-8D11-00A0C91BC942}") = "Project2", "Project2\Project2.vcxproj", "{3D9103D5-B629-4800-935C-826BCB2743CB}"
EndProject
Project("{8BC9CEB8-8B4A-11D0-8D11-00A0C91BC942}") = "Project3", "Project3\Project3.vcxproj", "{019B21D0-CCDE-4B90-AA78-9EE84678EC69}"
EndProject
Project("{8BC9CEB8-8B4A-11D0-8D11-00A0C91BC942}") = "Project4", "Project4\Project4.vcxproj", "{BBA5FCB1-7353-4901-A63C-A00B7E31E487}"
EndProject
Project("{8BC9CEB8-8B4A-11D0-8D11-00A0C91BC942}") = "Project5", "Project5\Project5.vcxproj", "{E2C749D7-48FD-41C4-AB3B-0929809D8F5A}"
EndProject
Project("{8BC9CEB8-8B4A-11D0-8D11-00A0C91BC942}") = "Project6", "Project6\Project6.vcxproj", "{26AE1830-CB8C-417F-B069-0BED3B77C8D4}"
EndProject
Project("{8BC9CEB8-8B4A-11D0-8D11-00A0C91BC942}") = "Project7", "Project7\Project7.vcxproj", "{8BD695ED-698D-4D79-AE23-D778C419AADA}"
EndProject
Project("{8BC9CEB8-8B4A-11D0-8D11-00A0C91BC942}") = "Project8", "Project8\Project8.vcxproj", "{5064CE74-0C94-4BDE-A5EF-07B286517C87}"
EndProject
Project("{8BC9CEB8-8B4A-11D0-8D11-00A0C91BC942}") = "Project9", "Project9\Project9.vcxproj", "{C0F667E6-601B-4E64-B4DE-0527BE59C893}"
EndProject
Project("{8BC9CEB8-8B4A-11D0-8D11-00A0C91BC942}") = "Project10", "Project10\Project10.vcxproj", "{6F606925-496C-4A86-88EB-C9E6C8365CDE}"
EndProject
Project("{8BC9CEB8-8B4A-11D0-8D11-00A0C91BC942}") = "Project11", "Project11\Project11.vcxproj", "{06C5D0C4-AC67-449B-95F7-C3F76488A8A0}"
EndProject
Project("{8BC9CEB8-8B4A-11D0-8D11-00A0C91BC942}") = "Project13", "Project13\Project13.vcxproj", "{B0B41F15-E6C6-401A-AEE4-EEC874D134C9}"
EndProject
Project("{8BC9CEB8-8B4A-11D0-8D11-00A0C91BC942}") = "Project17", "Project17\Project17.vcxproj", "{FAEF18A6-CC8B-4F5F-91BF-5B23DCF0A2C8}"
EndProject
Project("{8BC9CEB8-8B4A-11D0-8D11-00A0C91BC942}") = "Project19", "Project19\Project19.vcxproj", "{10AB8FA4-13CE-476B-9FAD-C73C6F6CD4BC}"
EndProject
Project("{8BC9CEB8-8B4A-11D0-8D11-00A0C91BC942}") = "Examen", "Examen\Examen.vcxproj", "{C8CE047B-3A02-47D1-8D7D-C9339DDD0BE7}"
EndProject
Project("{8BC9CEB8-8B4A-11D0-8D11-00A0C91BC942}") = "Project14", "Project14\Project14.vcxproj", "{23142B55-046C-4FF9-9E2C-724F9F5F2045}"
EndProject
Project("{8BC9CEB8-8B4A-11D0-8D11-00A0C91BC942}") = "Project15", "Project15\Project15.vcxproj", "{BFC538AF-9FD8-4213-B63B-6659AF944480}"
EndProject
Project("{8BC9CEB8-8B4A-11D0-8D11-00A0C91BC942}") = "Project16", "Project16\Project16.vcxproj", "{A7B4B8CA-F6F7-4278-826B-53E4D8E10E3F}"
EndProject
Global
	GlobalSection(SolutionConfigurationPlatforms) = preSolution
		Debug|x64 = Debug|x64
		Debug|x86 = Debug|x86
		Release|x64 = Release|x64
		Release|x86 = Release|x86
	EndGlobalSection
	GlobalSection(ProjectConfigurationPlatforms) = postSolution
		{1DF9BDF4-7BC8-47E4-AE3A-BDC48B83EED8}.Debug|x64.ActiveCfg = Debug|x64
		{1DF9BDF4-7BC8-47E4-AE3A-BDC48B83EED8}.Debug|x64.Build.0 = Debug|x64
		{1DF9BDF4-7BC8-47E4-AE3A-BDC48B83EED8}.Debug|x86.ActiveCfg = Debug|Win32
		{1DF9BDF4-7BC8-47E4-AE3A-BDC48B83EED8}.Debug|x86.Build.0 = Debug|Win32
		{1DF9BDF4-7BC8-47E4-AE3A-BDC48B83EED8}.Release|x64.ActiveCfg = Release|x64
		{1DF9BDF4-7BC8-47E4-AE3A-BDC48B83EED8}.Release|x64.Build.0 = Release|x64
		{1DF9BDF4-7BC8-47E4-AE3A-BDC48B83EED8}.Release|x86.ActiveCfg = Release|Win32
		{1DF9BDF4-7BC8-47E4-AE3A-BDC48B83EED8}.Release|x86.Build.0 = Release|Win32
		{3ED01599-5005-447A-8DD0-38AD572182A2}.Debug|x64.ActiveCfg = Debug|x64
		{3ED01599-5005-447A-8DD0-38AD572182A2}.Debug|x64.Build.0 = Debug|x64
		{3ED01599-5005-447A-8DD0-38AD572182A2}.Debug|x86.ActiveCfg = Debug|Win32
		{3ED01599-5005-447A-8DD0-38AD572182A2}.Debug|x86.Build.0 = Debug|Win32
		{3ED01599-5005-447A-8DD0-38AD572182A2}.Release|x64.ActiveCfg = Release|x64
		{3ED01599-5005-447A-8DD0-38AD572182A2}.Release|x64.Build.0 = Release|x64
		{3ED01599-5005-447A-8DD0-38AD572182A2}.Release|x86.ActiveCfg = Release|Win32
		{3ED01599-5005-447A-8DD0-38AD572182A2}.Release|x86.Build.0 = Release|Win32
		{3D9103D5-B629-4800-935C-826BCB2743CB}.Debug|x64.ActiveCfg = Debug|x64
		{3D9103D5-B629-4800-935C-826BCB2743CB}.Debug|x64.Build.0 = Debug|x64
		{3D9103D5-B629-4800-935C-826BCB2743CB}.Debug|x86.ActiveCfg = Debug|Win32
		{3D9103D5-B629-4800-935C-826BCB2743CB}.Debug|x86.Build.0 = Debug|Win32
		{3D9103D5-B629-4800-935C-826BCB2743CB}.Release|x64.ActiveCfg = Release|x64
		{3D9103D5-B629-4800-935C-826BCB2743CB}.Release|x64.Build.0 = Release|x64
		{3D9103D5-B629-4800-935C-826BCB2743CB}.Release|x86.ActiveCfg = Release|Win32
		{3D9103D5-B629-4800-935C-826BCB2743CB}.Release|x86.Build.0 = Release|Win32
		{019B21D0-CCDE-4B90-AA78-9EE84678EC69}.Debug|x64.ActiveCfg = Debug|x64
		{019B21D0-CCDE-4B90-AA78-9EE84678EC69}.Debug|x64.Build.0 = Debug|x64
		{019B21D0-CCDE-4B90-AA78-9EE84678EC69}.Debug|x86.ActiveCfg = Debug|Win32
		{019B21D0-CCDE-4B90-AA78-9EE84678EC69}.Debug|x86.Build.0 = Debug|Win32
		{019B21D0-CCDE-4B90-AA78-9EE84678EC69}.Release|x64.ActiveCfg = Release|x64
		{019B21D0-CCDE-4B90-AA78-9EE84678EC69}.Release|x64.Build.0 = Release|x64
		{019B21D0-CCDE-4B90-AA78-9EE84678EC69}.Release|x86.ActiveCfg = Release|Win32
		{019B21D0-CCDE-4B90-AA78-9EE84678EC69}.Release|x86.Build.0 = Release|Win32
		{BBA5FCB1-7353-4901-A63C-A00B7E31E487}.Debug|x64.ActiveCfg = Debug|x64
		{BBA5FCB1-7353-4901-A63C-A00B7E31E487}.Debug|x64.Build.0 = Debug|x64
		{BBA5FCB1-7353-4901-A63C-A00B7E31E487}.Debug|x86.ActiveCfg = Debug|Win32
		{BBA5FCB1-7353-4901-A63C-A00B7E31E487}.Debug|x86.Build.0 = Debug|Win32
		{BBA5FCB1-7353-4901-A63C-A00B7E31E487}.Release|x64.ActiveCfg = Release|x64
		{BBA5FCB1-7353-4901-A63C-A00B7E31E487}.Release|x64.Build.0 = Release|x64
		{BBA5FCB1-7353-4901-A63C-A00B7E31E487}.Release|x86.ActiveCfg = Release|Win32
		{BBA5FCB1-7353-4901-A63C-A00B7E31E487}.Release|x86.Build.0 = Release|Win32
		{E2C749D7-48FD-41C4-AB3B-0929809D8F5A}.Debug|x64.ActiveCfg = Debug|x64
		{E2C749D7-48FD-41C4-AB3B-0929809D8F5A}.Debug|x64.Build.0 = Debug|x64
		{E2C749D7-48FD-41C4-AB3B-0929809D8F5A}.Debug|x86.ActiveCfg = Debug|Win32
		{E2C749D7-48FD-41C4-AB3B-0929809D8F5A}.Debug|x86.Build.0 = Debug|Win32
		{E2C749D7-48FD-41C4-AB3B-0929809D8F5A}.Release|x64.ActiveCfg = Release|x64
		{E2C749D7-48FD-41C4-AB3B-0929809D8F5A}.Release|x64.Build.0 = Release|x64
		{E2C749D7-48FD-41C4-AB3B-0929809D8F5A}.Release|x86.ActiveCfg = Release|Win32
		{E2C749D7-48FD-41C4-AB3B-0929809D8F5A}.Release|x86.Build.0 = Release|Win32
		{26AE1830-CB8C-417F-B069-0BED3B77C8D4}.Debug|x64.ActiveCfg = Debug|x64
		{26AE1830-CB8C-417F-B069-0BED3B77C8D4}.Debug|x64.Build.0 = Debug|x64
		{26AE1830-CB8C-417F-B069-0BED3B77C8D4}.Debug|x86.ActiveCfg = Debug|Win32
		{26AE1830-CB8C-417F-B069-0BED3B77C8D4}.Debug|x86.Build.0 = Debug|Win32
		{26AE1830-CB8C-417F-B069-0BED3B77C8D4}.Release|x64.ActiveCfg = Release|x64
		{26AE1830-CB8C-417F-B069-0BED3B77C8D4}.Release|x64.Build.0 = Release|x64
		{26AE1830-CB8C-417F-B069-0BED3B77C8D4}.Release|x86.ActiveCfg = Release|Win32
		{26AE1830-CB8C-417F-B069-0BED3B77C8D4}.Release|x86.Build.0 = Release|Win32
		{8BD695ED-698D-4D79-AE23-D778C419AADA}.Debug|x64.ActiveCfg = Debug|x64
		{8BD695ED-698D-4D79-AE23-D778C419AADA}.Debug|x64.Build.0 = Debug|x64
		{8BD695ED-698D-4D79-AE23-D778C419AADA}.Debug|x86.ActiveCfg = Debug|Win32
		{8BD695ED-698D-4D79-AE23-D778C419AADA}.Debug|x86.Build.0 = Debug|Win32
		{8BD695ED-698D-4D79-AE23-D778C419AADA}.Release|x64.ActiveCfg = Release|x64
		{8BD695ED-698D-4D79-AE23-D778C419AADA}.Release|x64.Build.0 = Release|x64
		{8BD695ED-698D-4D79-AE23-D778C419AADA}.Release|x86.ActiveCfg = Release|Win32
		{8BD695ED-698D-4D79-AE23-D778C419AADA}.Release|x86.Build.0 = Release|Win32
		{5064CE74-0C94-4BDE-A5EF-07B286517C87}.Debug|x64.ActiveCfg = Debug|x64
		{5064CE74-0C94-4BDE-A5EF-07B286517C87}.Debug|x64.Build.0 = Debug|x64
		{5064CE74-0C94-4BDE-A5EF-07B286517C87}.Debug|x86.ActiveCfg = Debug|Win32
		{5064CE74-0C94-4BDE-A5EF-07B286517C87}.Debug|x86.Build.0 = Debug|Win32
		{5064CE74-0C94-4BDE-A5EF-07B286517C87}.Release|x64.ActiveCfg = Release|x64
		{5064CE74-0C94-4BDE-A5EF-07B286517C87}.Release|x64.Build.0 = Release|x64
		{5064CE74-0C94-4BDE-A5EF-07B286517C87}.Release|x86.ActiveCfg = Release|Win32
		{5064CE74-0C94-4BDE-A5EF-07B286517C87}.Release|x86.Build.0 = Release|Win32
		{C0F667E6-601B-4E64-B4DE-0527BE59C893}.Debug|x64.ActiveCfg = Debug|x64
		{C0F667E6-601B-4E64-B4DE-0527BE59C893}.Debug|x64.Build.0 = Debug|x64
		{C0F667E6-601B-4E64-B4DE-0527BE59C893}.Debug|x86.ActiveCfg = Debug|Win32
		{C0F667E6-601B-4E64-B4DE-0527BE59C893}.Debug|x86.Build.0 = Debug|Win32
		{C0F667E6-601B-4E64-B4DE-0527BE59C893}.Release|x64.ActiveCfg = Release|x64
		{C0F667E6-601B-4E64-B4DE-0527BE59C893}.Release|x64.Build.0 = Release|x64
		{C0F667E6-601B-4E64-B4DE-0527BE59C893}.Release|x86.ActiveCfg = Release|Win32
		{C0F667E6-601B-4E64-B4DE-0527BE59C893}.Release|x86.Build.0 = Release|Win32
		{6F606925-496C-4A86-88EB-C9E6C8365CDE}.Debug|x64.ActiveCfg = Debug|x64
		{6F606925-496C-4A86-88EB-C9E6C8365CDE}.Debug|x64.Build.0 = Debug|x64
		{6F606925-496C-4A86-88EB-C9E6C8365CDE}.Debug|x86.ActiveCfg = Debug|Win32
		{6F606925-496C-4A86-88EB-C9E6C8365CDE}.Debug|x86.Build.0 = Debug|Win32
		{6F606925-496C-4A86-88EB-C9E6C8365CDE}.Release|x64.ActiveCfg = Release|x64
		{6F606925-496C-4A86-88EB-C9E6C8365CDE}.Release|x64.Build.0 = Release|x64
		{6F606925-496C-4A86-88EB-C9E6C8365CDE}.Release|x86.ActiveCfg = Release|Win32
		{6F606925-496C-4A86-88EB-C9E6C8365CDE}.Release|x86.Build.0 = Release|Win32
		{06C5D0C4-AC67-449B-95F7-C3F76488A8A0}.Debug|x64.ActiveCfg = Debug|x64
		{06C5D0C4-AC67-449B-95F7-C3F76488A8A0}.Debug|x64.Build.0 = Debug|x64
		{06C5D0C4-AC67-449B-95F7-C3F76488A8A0}.Debug|x86.ActiveCfg = Debug|Win32
		{06C5D0C4-AC67-449B-95F7-C3F76488A8A0}.Debug|x86.Build.0 = Debug|Win32
		{06C5D0C4-AC67-449B-95F7-C3F76488A8A0}.Release|x64.ActiveCfg = Release|x64
		{06C5D0C4-AC67-449B-95F7-C3F76488A8A0}.Release|x64.Build.0 = Release|x64
		{06C5D0C4-AC67-449B-95F7-C3F76488A8A0}.Release|x86.ActiveCfg = Release|Win32
		{06C5D0C4-AC67-449B-95F7-C3F76488A8A0}.Release|x86.Build.0 = Release|Win32
		{B0B41F15-E6C6-401A-AEE4-EEC874D134C9}.Debug|x64.ActiveCfg = Debug|x64
		{B0B41F15-E6C6-401A-AEE4-EEC874D134C9}.Debug|x64.Build.0 = Debug|x64
		{B0B41F15-E6C6-401A-AEE4-EEC874D134C9}.Debug|x86.ActiveCfg = Debug|Win32
		{B0B41F15-E6C6-401A-AEE4-EEC874D134C9}.Debug|x86.Build.0 = Debug|Win32
		{B0B41F15-E6C6-401A-AEE4-EEC874D134C9}.Release|x64.ActiveCfg = Release|x64
		{B0B41F15-E6C6-401A-AEE4-EEC874D134C9}.Release|x64.Build.0 = Release|x64
		{B0B41F15-E6C6-401A-AEE4-EEC874D134C9}.Release|x86.ActiveCfg = Release|Win32
		{B0B41F15-E6C6-401A-AEE4-EEC874D134C9}.Release|x86.Build.0 = Release|Win32
		{FAEF18A6-CC8B-4F5F-91BF-5B23DCF0A2C8}.Debug|x64.ActiveCfg = Debug|x64
		{FAEF18A6-CC8B-4F5F-91BF-5B23DCF0A2C8}.Debug|x64.Build.0 = Debug|x64
		{FAEF18A6-CC8B-4F5F-91BF-5B23DCF0A2C8}.Debug|x86.ActiveCfg = Debug|Win32
		{FAEF18A6-CC8B-4F5F-91BF-5B23DCF0A2C8}.Debug|x86.Build.0 = Debug|Win32
		{FAEF18A6-CC8B-4F5F-91BF-5B23DCF0A2C8}.Release|x64.ActiveCfg = Release|x64
		{FAEF18A6-CC8B-4F5F-91BF-5B23DCF0A2C8}.Release|x64.Build.0 = Release|x64
		{FAEF18A6-CC8B-4F5F-91BF-5B23DCF0A2C8}.Release|x86.ActiveCfg = Release|Win32
		{FAEF18A6-CC8B-4F5F-91BF-5B23DCF0A2C8}.Release|x86.Build.0 = Release|Win32
		{10AB8FA4-13CE-476B-9FAD-C73C6F6CD4BC}.Debug|x64.ActiveCfg = Debug|x64
		{10AB8FA4-13CE-476B-9FAD-C73C6F6CD4BC}.Debug|x64.Build.0 = Debug|x64
		{10AB8FA4-13CE-476B-9FAD-C73C6F6CD4BC}.Debug|x86.ActiveCfg = Debug|Win32
		{10AB8FA4-13CE-476B-9FAD-C73C6F6CD4BC}.Debug|x86.Build.0 = Debug|Win32
		{10AB8FA4-13CE-476B-9FAD-C73C6F6CD4BC}.Release|x64.ActiveCfg = Release|x64
		{10AB8FA4-13CE-476B-9FAD-C73C6F6CD4BC}.Release|x64.Build.0 = Release|x64
		{10AB8FA4-13CE-476B-9FAD-C73C6F6CD4BC}.Release|x86.ActiveCfg = Release|Win32
		{10AB8FA4-13CE-476B-9FAD-C73C6F6CD4BC}.Release|x86.Build.0 = Release|Win32
		{C8CE047B-3A02-47D1-8D7D-C9339DDD0BE7}.Debug|x64.ActiveCfg = Debug|x64
		{C8CE047B-3A02-47D1-8D7D-C9339DDD0BE7}.Debug|x64.Build.0 = Debug|x64
		{C8CE047B-3A02-47D1-8D7D-C9339DDD0BE7}.Debug|x86.ActiveCfg = Debug|Win32
		{C8CE047B-3A02-47D1-8D7D-C9339DDD0BE7}.Debug|x86.Build.0 = Debug|Win32
		{C8CE047B-3A02-47D1-8D7D-C9339DDD0BE7}.Release|x64.ActiveCfg = Release|x64
		{C8CE047B-3A02-47D1-8D7D-C9339DDD0BE7}.Release|x64.Build.0 = Release|x64
		{C8CE047B-3A02-47D1-8D7D-C9339DDD0BE7}.Release|x86.ActiveCfg = Release|Win32
		{C8CE047B-3A02-47D1-8D7D-C9339DDD0BE7}.Release|x86.Build.0 = Release|Win32
		{23142B55-046C-4FF9-9E2C-724F9F5F2045}.Debug|x64.ActiveCfg = Debug|x64
		{23142B55-046C-4FF9-9E2C-724F9F5F2045}.Debug|x64.Build.0 = Debug|x64
		{23142B55-046C-4FF9-9E2C-724F9F5F2045}.Debug|x86.ActiveCfg = Debug|Win32
		{23142B55-046C-4FF9-9E2C-724F9F5F2045}.Debug|x86.Build.0 = Debug|Win32
		{23142B55-046C-4FF9-9E2C-724F9F5F2045}.Release|x64.ActiveCfg = Release|x64
		{23142B55-046C-4FF9-9E2C-724F9F5F2045}.Release|x64.Build.0 = Release|x64
		{23142B55-046C-4FF9-9E2C-724F9F5F2045}.Release|x86.ActiveCfg = Release|Win32
		{23142B55-046C-4FF9-9E2C-724F9F5F2045}.Release|x86.Build.0 = Release|Win32
		{BFC538AF-9FD8-4213-B63B-6659AF944480}.Debug|x64.ActiveCfg = Debug|x64
		{BFC538AF-9FD8-4213-B63B-6659AF944480}.Debug|x64.Build.0 = Debug|x64
		{BFC538AF-9FD8-4213-B63B-6659AF944480}.Debug|x86.ActiveCfg = Debug|Win32
		{BFC538AF-9FD8-4213-B63B-6659AF944480}.Debug|x86.Build.0 = Debug|Win32
		{BFC538AF-9FD8-4213-B63B-6659AF944480}.Release|x64.ActiveCfg = Release|x64
		{BFC538AF-9FD8-4213-B63B-6659AF944480}.Release|x64.Build.0 = Release|x64
		{BFC538AF-9FD8-4213-B63B-6659AF944480}.Release|x86.ActiveCfg = Release|Win32
		{BFC538AF-9FD8-4213-B63B-6659AF944480}.Release|x86.Build.0 = Release|Win32
		{A7B4B8CA-F6F7-4278-826B-53E4D8E10E3F}.Debug|x64.ActiveCfg = Debug|x64
		{A7B4B8CA-F6F7-4278-826B-53E4D8E10E3F}.Debug|x64.Build.0 = Debug|x64
		{A7B4B8CA-F6F7-4278-826B-53E4D8E10E3F}.Debug|x86.ActiveCfg = Debug|Win32
		{A7B4B8CA-F6F7-4278-826B-53E4D8E10E3F}.Debug|x86.Build.0 = Debug|Win32
		{A7B4B8CA-F6F7-4278-826B-53E4D8E10E3F}.Release|x64.ActiveCfg = Release|x64
		{A7B4B8CA-F6F7-4278-826B-53E4D8E10E3F}.Release|x64.Build.0 = Release|x64
		{A7B4B8CA-F6F7-4278-826B-53E4D8E10E3F}.Release|x86.ActiveCfg = Release|Win32
		{A7B4B8CA-F6F7-4278-826B-53E4D8E10E3F}.Release|x86.Build.0 = Release|Win32
	EndGlobalSection
	GlobalSection(SolutionProperties) = preSolution
		HideSolutionNode = FALSE
	EndGlobalSection
	GlobalSection(ExtensibilityGlobals) = postSolution
		SolutionGuid = {65C106B7-869A-4C6E-AB8E-BFAC43D19651}
	EndGlobalSection
EndGlobal
